
Microsoft Visual Studio Solution File, Format Version 12.00
# Visual Studio 15
VisualStudioVersion = 15.0.27703.2042
MinimumVisualStudioVersion = 10.0.40219.1
Project("{8BC9CEB8-8B4A-11D0-8D11-00A0C91BC942}") = "Step2", "Step2\Step2.vcxproj", "{ECC6DCD8-0210-42D6-9BB0-3D68F6842149}"
EndProject
Global
	GlobalSection(SolutionConfigurationPlatforms) = preSolution
		Debug|x64 = Debug|x64
		Debug|x86 = Debug|x86
		Release|x64 = Release|x64
		Release|x86 = Release|x86
	EndGlobalSection
	GlobalSection(ProjectConfigurationPlatforms) = postSolution
		{ECC6DCD8-0210-42D6-9BB0-3D68F6842149}.Debug|x64.ActiveCfg = Debug|x64
		{ECC6DCD8-0210-42D6-9BB0-3D68F6842149}.Debug|x64.Build.0 = Debug|x64
		{ECC6DCD8-0210-42D6-9BB0-3D68F6842149}.Debug|x86.ActiveCfg = Debug|Win32
		{ECC6DCD8-0210-42D6-9BB0-3D68F6842149}.Debug|x86.Build.0 = Debug|Win32
		{ECC6DCD8-0210-42D6-9BB0-3D68F6842149}.Release|x64.ActiveCfg = Release|x64
		{ECC6DCD8-0210-42D6-9BB0-3D68F6842149}.Release|x64.Build.0 = Release|x64
		{ECC6DCD8-0210-42D6-9BB0-3D68F6842149}.Release|x86.ActiveCfg = Release|Win32
		{ECC6DCD8-0210-42D6-9BB0-3D68F6842149}.Release|x86.Build.0 = Release|Win32
	EndGlobalSection
	GlobalSection(SolutionProperties) = preSolution
		HideSolutionNode = FALSE
	EndGlobalSection
	GlobalSection(ExtensibilityGlobals) = postSolution
		SolutionGuid = {C5AB8899-5218-4478-91C9-3E4D08CECA14}
	EndGlobalSection
EndGlobal
